
Microsoft Visual Studio Solution File, Format Version 12.00
# Visual Studio 2017
Project("{FAE04EC0-301F-11D3-BF4B-00C04F79EFBC}") = "newsmaker-nextgen", "newsmaker-nextgen.csproj", "{EEF91C0D-9966-4734-9549-B6EE3E5B9CA4}"
EndProject
Global
	GlobalSection(SolutionConfigurationPlatforms) = preSolution
		Debug|Any CPU = Debug|Any CPU
		Release|Any CPU = Release|Any CPU
	EndGlobalSection
	GlobalSection(ProjectConfigurationPlatforms) = postSolution
		{EEF91C0D-9966-4734-9549-B6EE3E5B9CA4}.Debug|Any CPU.ActiveCfg = Debug|Any CPU
		{EEF91C0D-9966-4734-9549-B6EE3E5B9CA4}.Debug|Any CPU.Build.0 = Debug|Any CPU
		{EEF91C0D-9966-4734-9549-B6EE3E5B9CA4}.Release|Any CPU.ActiveCfg = Release|Any CPU
		{EEF91C0D-9966-4734-9549-B6EE3E5B9CA4}.Release|Any CPU.Build.0 = Release|Any CPU
	EndGlobalSection
EndGlobal
